// !$*UTF8*$!
{
	archiveVersion = 1;
	classes = {
	};
	objectVersion = 55;
	objects = {

/* Begin PBXBuildFile section */
		1C382F7D288AB5A000100827 /* CategoryCell.swift in Sources */ = {isa = PBXBuildFile; fileRef = 1C382F7C288AB5A000100827 /* CategoryCell.swift */; };
		1C382F7F288AD16300100827 /* OrderCell.swift in Sources */ = {isa = PBXBuildFile; fileRef = 1C382F7E288AD16300100827 /* OrderCell.swift */; };
		1CD41A3D288A908300C909F8 /* AppDelegate.swift in Sources */ = {isa = PBXBuildFile; fileRef = 1CD41A3C288A908300C909F8 /* AppDelegate.swift */; };
		1CD41A3F288A908300C909F8 /* SceneDelegate.swift in Sources */ = {isa = PBXBuildFile; fileRef = 1CD41A3E288A908300C909F8 /* SceneDelegate.swift */; };
		1CD41A41288A908300C909F8 /* ViewController.swift in Sources */ = {isa = PBXBuildFile; fileRef = 1CD41A40288A908300C909F8 /* ViewController.swift */; };
		1CD41A44288A908300C909F8 /* Main.storyboard in Resources */ = {isa = PBXBuildFile; fileRef = 1CD41A42288A908300C909F8 /* Main.storyboard */; };
		1CD41A46288A908400C909F8 /* Assets.xcassets in Resources */ = {isa = PBXBuildFile; fileRef = 1CD41A45288A908400C909F8 /* Assets.xcassets */; };
		1CD41A49288A908400C909F8 /* LaunchScreen.storyboard in Resources */ = {isa = PBXBuildFile; fileRef = 1CD41A47288A908400C909F8 /* LaunchScreen.storyboard */; };
		1CD41A51288A93BF00C909F8 /* HomeViewController.swift in Sources */ = {isa = PBXBuildFile; fileRef = 1CD41A50288A93BF00C909F8 /* HomeViewController.swift */; };
		1CD41A53288A93D200C909F8 /* CategoryViewController.swift in Sources */ = {isa = PBXBuildFile; fileRef = 1CD41A52288A93D200C909F8 /* CategoryViewController.swift */; };
		1CD41A55288A93E500C909F8 /* OrderViewController.swift in Sources */ = {isa = PBXBuildFile; fileRef = 1CD41A54288A93E500C909F8 /* OrderViewController.swift */; };
		1CD41A57288A93F000C909F8 /* AccountViewController.swift in Sources */ = {isa = PBXBuildFile; fileRef = 1CD41A56288A93F000C909F8 /* AccountViewController.swift */; };
		1CFA88B3288B38010072B991 /* AccountCell.swift in Sources */ = {isa = PBXBuildFile; fileRef = 1CFA88B2288B38010072B991 /* AccountCell.swift */; };
		1CFA88B5288B3B510072B991 /* ProfileOrderCell.swift in Sources */ = {isa = PBXBuildFile; fileRef = 1CFA88B4288B3B510072B991 /* ProfileOrderCell.swift */; };
		1CFA88B7288B44A20072B991 /* ProfileOrderCellThree.swift in Sources */ = {isa = PBXBuildFile; fileRef = 1CFA88B6288B44A20072B991 /* ProfileOrderCellThree.swift */; };
		1CFA88B9288B45220072B991 /* ProfileOrderCellFourth.swift in Sources */ = {isa = PBXBuildFile; fileRef = 1CFA88B8288B45220072B991 /* ProfileOrderCellFourth.swift */; };
		1CFA88BB288B47D40072B991 /* HelpDetailsCell.swift in Sources */ = {isa = PBXBuildFile; fileRef = 1CFA88BA288B47D40072B991 /* HelpDetailsCell.swift */; };
/* End PBXBuildFile section */

/* Begin PBXFileReference section */
		1C382F7C288AB5A000100827 /* CategoryCell.swift */ = {isa = PBXFileReference; lastKnownFileType = sourcecode.swift; path = CategoryCell.swift; sourceTree = "<group>"; };
		1C382F7E288AD16300100827 /* OrderCell.swift */ = {isa = PBXFileReference; lastKnownFileType = sourcecode.swift; path = OrderCell.swift; sourceTree = "<group>"; };
		1CD41A39288A908300C909F8 /* TabBarDemo.app */ = {isa = PBXFileReference; explicitFileType = wrapper.application; includeInIndex = 0; path = TabBarDemo.app; sourceTree = BUILT_PRODUCTS_DIR; };
		1CD41A3C288A908300C909F8 /* AppDelegate.swift */ = {isa = PBXFileReference; lastKnownFileType = sourcecode.swift; path = AppDelegate.swift; sourceTree = "<group>"; };
		1CD41A3E288A908300C909F8 /* SceneDelegate.swift */ = {isa = PBXFileReference; lastKnownFileType = sourcecode.swift; path = SceneDelegate.swift; sourceTree = "<group>"; };
		1CD41A40288A908300C909F8 /* ViewController.swift */ = {isa = PBXFileReference; lastKnownFileType = sourcecode.swift; path = ViewController.swift; sourceTree = "<group>"; };
		1CD41A43288A908300C909F8 /* Base */ = {isa = PBXFileReference; lastKnownFileType = file.storyboard; name = Base; path = Base.lproj/Main.storyboard; sourceTree = "<group>"; };
		1CD41A45288A908400C909F8 /* Assets.xcassets */ = {isa = PBXFileReference; lastKnownFileType = folder.assetcatalog; path = Assets.xcassets; sourceTree = "<group>"; };
		1CD41A48288A908400C909F8 /* Base */ = {isa = PBXFileReference; lastKnownFileType = file.storyboard; name = Base; path = Base.lproj/LaunchScreen.storyboard; sourceTree = "<group>"; };
		1CD41A4A288A908400C909F8 /* Info.plist */ = {isa = PBXFileReference; lastKnownFileType = text.plist.xml; path = Info.plist; sourceTree = "<group>"; };
		1CD41A50288A93BF00C909F8 /* HomeViewController.swift */ = {isa = PBXFileReference; lastKnownFileType = sourcecode.swift; path = HomeViewController.swift; sourceTree = "<group>"; };
		1CD41A52288A93D200C909F8 /* CategoryViewController.swift */ = {isa = PBXFileReference; lastKnownFileType = sourcecode.swift; path = CategoryViewController.swift; sourceTree = "<group>"; };
		1CD41A54288A93E500C909F8 /* OrderViewController.swift */ = {isa = PBXFileReference; lastKnownFileType = sourcecode.swift; path = OrderViewController.swift; sourceTree = "<group>"; };
		1CD41A56288A93F000C909F8 /* AccountViewController.swift */ = {isa = PBXFileReference; lastKnownFileType = sourcecode.swift; path = AccountViewController.swift; sourceTree = "<group>"; };
		1CFA88B2288B38010072B991 /* AccountCell.swift */ = {isa = PBXFileReference; lastKnownFileType = sourcecode.swift; path = AccountCell.swift; sourceTree = "<group>"; };
		1CFA88B4288B3B510072B991 /* ProfileOrderCell.swift */ = {isa = PBXFileReference; lastKnownFileType = sourcecode.swift; path = ProfileOrderCell.swift; sourceTree = "<group>"; };
		1CFA88B6288B44A20072B991 /* ProfileOrderCellThree.swift */ = {isa = PBXFileReference; lastKnownFileType = sourcecode.swift; path = ProfileOrderCellThree.swift; sourceTree = "<group>"; };
		1CFA88B8288B45220072B991 /* ProfileOrderCellFourth.swift */ = {isa = PBXFileReference; lastKnownFileType = sourcecode.swift; path = ProfileOrderCellFourth.swift; sourceTree = "<group>"; };
		1CFA88BA288B47D40072B991 /* HelpDetailsCell.swift */ = {isa = PBXFileReference; lastKnownFileType = sourcecode.swift; path = HelpDetailsCell.swift; sourceTree = "<group>"; };
/* End PBXFileReference section */

/* Begin PBXFrameworksBuildPhase section */
		1CD41A36288A908300C909F8 /* Frameworks */ = {
			isa = PBXFrameworksBuildPhase;
			buildActionMask = 2147483647;
			files = (
			);
			runOnlyForDeploymentPostprocessing = 0;
		};
/* End PBXFrameworksBuildPhase section */

/* Begin PBXGroup section */
		1CD41A30288A908300C909F8 = {
			isa = PBXGroup;
			children = (
				1CD41A3B288A908300C909F8 /* TabBarDemo */,
				1CD41A3A288A908300C909F8 /* Products */,
			);
			sourceTree = "<group>";
		};
		1CD41A3A288A908300C909F8 /* Products */ = {
			isa = PBXGroup;
			children = (
				1CD41A39288A908300C909F8 /* TabBarDemo.app */,
			);
			name = Products;
			sourceTree = "<group>";
		};
		1CD41A3B288A908300C909F8 /* TabBarDemo */ = {
			isa = PBXGroup;
			children = (
				1CD41A3C288A908300C909F8 /* AppDelegate.swift */,
				1CD41A3E288A908300C909F8 /* SceneDelegate.swift */,
				1CD41A40288A908300C909F8 /* ViewController.swift */,
				1CD41A50288A93BF00C909F8 /* HomeViewController.swift */,
				1CD41A52288A93D200C909F8 /* CategoryViewController.swift */,
				1C382F7C288AB5A000100827 /* CategoryCell.swift */,
				1CD41A54288A93E500C909F8 /* OrderViewController.swift */,
				1C382F7E288AD16300100827 /* OrderCell.swift */,
				1CD41A56288A93F000C909F8 /* AccountViewController.swift */,
				1CFA88B2288B38010072B991 /* AccountCell.swift */,
				1CD41A42288A908300C909F8 /* Main.storyboard */,
				1CD41A45288A908400C909F8 /* Assets.xcassets */,
				1CD41A47288A908400C909F8 /* LaunchScreen.storyboard */,
				1CD41A4A288A908400C909F8 /* Info.plist */,
				1CFA88B4288B3B510072B991 /* ProfileOrderCell.swift */,
				1CFA88B6288B44A20072B991 /* ProfileOrderCellThree.swift */,
				1CFA88B8288B45220072B991 /* ProfileOrderCellFourth.swift */,
				1CFA88BA288B47D40072B991 /* HelpDetailsCell.swift */,
			);
			path = TabBarDemo;
			sourceTree = "<group>";
		};
/* End PBXGroup section */

/* Begin PBXNativeTarget section */
		1CD41A38288A908300C909F8 /* TabBarDemo */ = {
			isa = PBXNativeTarget;
			buildConfigurationList = 1CD41A4D288A908400C909F8 /* Build configuration list for PBXNativeTarget "TabBarDemo" */;
			buildPhases = (
				1CD41A35288A908300C909F8 /* Sources */,
				1CD41A36288A908300C909F8 /* Frameworks */,
				1CD41A37288A908300C909F8 /* Resources */,
			);
			buildRules = (
			);
			dependencies = (
			);
			name = TabBarDemo;
			productName = TabBarDemo;
			productReference = 1CD41A39288A908300C909F8 /* TabBarDemo.app */;
			productType = "com.apple.product-type.application";
		};
/* End PBXNativeTarget section */

/* Begin PBXProject section */
		1CD41A31288A908300C909F8 /* Project object */ = {
			isa = PBXProject;
			attributes = {
				BuildIndependentTargetsInParallel = 1;
				LastSwiftUpdateCheck = 1340;
				LastUpgradeCheck = 1340;
				TargetAttributes = {
					1CD41A38288A908300C909F8 = {
						CreatedOnToolsVersion = 13.4.1;
					};
				};
			};
			buildConfigurationList = 1CD41A34288A908300C909F8 /* Build configuration list for PBXProject "TabBarDemo" */;
			compatibilityVersion = "Xcode 13.0";
			developmentRegion = en;
			hasScannedForEncodings = 0;
			knownRegions = (
				en,
				Base,
			);
			mainGroup = 1CD41A30288A908300C909F8;
			productRefGroup = 1CD41A3A288A908300C909F8 /* Products */;
			projectDirPath = "";
			projectRoot = "";
			targets = (
				1CD41A38288A908300C909F8 /* TabBarDemo */,
			);
		};
/* End PBXProject section */

/* Begin PBXResourcesBuildPhase section */
		1CD41A37288A908300C909F8 /* Resources */ = {
			isa = PBXResourcesBuildPhase;
			buildActionMask = 2147483647;
			files = (
				1CD41A49288A908400C909F8 /* LaunchScreen.storyboard in Resources */,
				1CD41A46288A908400C909F8 /* Assets.xcassets in Resources */,
				1CD41A44288A908300C909F8 /* Main.storyboard in Resources */,
			);
			runOnlyForDeploymentPostprocessing = 0;
		};
/* End PBXResourcesBuildPhase section */

/* Begin PBXSourcesBuildPhase section */
		1CD41A35288A908300C909F8 /* Sources */ = {
			isa = PBXSourcesBuildPhase;
			buildActionMask = 2147483647;
			files = (
				1CFA88B9288B45220072B991 /* ProfileOrderCellFourth.swift in Sources */,
				1CFA88BB288B47D40072B991 /* HelpDetailsCell.swift in Sources */,
				1CD41A53288A93D200C909F8 /* CategoryViewController.swift in Sources */,
				1CFA88B3288B38010072B991 /* AccountCell.swift in Sources */,
				1CD41A41288A908300C909F8 /* ViewController.swift in Sources */,
				1CFA88B7288B44A20072B991 /* ProfileOrderCellThree.swift in Sources */,
				1CD41A57288A93F000C909F8 /* AccountViewController.swift in Sources */,
				1CFA88B5288B3B510072B991 /* ProfileOrderCell.swift in Sources */,
				1C382F7D288AB5A000100827 /* CategoryCell.swift in Sources */,
				1C382F7F288AD16300100827 /* OrderCell.swift in Sources */,
				1CD41A3D288A908300C909F8 /* AppDelegate.swift in Sources */,
				1CD41A3F288A908300C909F8 /* SceneDelegate.swift in Sources */,
				1CD41A51288A93BF00C909F8 /* HomeViewController.swift in Sources */,
				1CD41A55288A93E500C909F8 /* OrderViewController.swift in Sources */,
			);
			runOnlyForDeploymentPostprocessing = 0;
		};
/* End PBXSourcesBuildPhase section */

/* Begin PBXVariantGroup section */
		1CD41A42288A908300C909F8 /* Main.storyboard */ = {
			isa = PBXVariantGroup;
			children = (
				1CD41A43288A908300C909F8 /* Base */,
			);
			name = Main.storyboard;
			sourceTree = "<group>";
		};
		1CD41A47288A908400C909F8 /* LaunchScreen.storyboard */ = {
			isa = PBXVariantGroup;
			children = (
				1CD41A48288A908400C909F8 /* Base */,
			);
			name = LaunchScreen.storyboard;
			sourceTree = "<group>";
		};
/* End PBXVariantGroup section */

/* Begin XCBuildConfiguration section */
		1CD41A4B288A908400C909F8 /* Debug */ = {
			isa = XCBuildConfiguration;
			buildSettings = {
				ALWAYS_SEARCH_USER_PATHS = NO;
				CLANG_ANALYZER_NONNULL = YES;
				CLANG_ANALYZER_NUMBER_OBJECT_CONVERSION = YES_AGGRESSIVE;
				CLANG_CXX_LANGUAGE_STANDARD = "gnu++17";
				CLANG_ENABLE_MODULES = YES;
				CLANG_ENABLE_OBJC_ARC = YES;
				CLANG_ENABLE_OBJC_WEAK = YES;
				CLANG_WARN_BLOCK_CAPTURE_AUTORELEASING = YES;
				CLANG_WARN_BOOL_CONVERSION = YES;
				CLANG_WARN_COMMA = YES;
				CLANG_WARN_CONSTANT_CONVERSION = YES;
				CLANG_WARN_DEPRECATED_OBJC_IMPLEMENTATIONS = YES;
				CLANG_WARN_DIRECT_OBJC_ISA_USAGE = YES_ERROR;
				CLANG_WARN_DOCUMENTATION_COMMENTS = YES;
				CLANG_WARN_EMPTY_BODY = YES;
				CLANG_WARN_ENUM_CONVERSION = YES;
				CLANG_WARN_INFINITE_RECURSION = YES;
				CLANG_WARN_INT_CONVERSION = YES;
				CLANG_WARN_NON_LITERAL_NULL_CONVERSION = YES;
				CLANG_WARN_OBJC_IMPLICIT_RETAIN_SELF = YES;
				CLANG_WARN_OBJC_LITERAL_CONVERSION = YES;
				CLANG_WARN_OBJC_ROOT_CLASS = YES_ERROR;
				CLANG_WARN_QUOTED_INCLUDE_IN_FRAMEWORK_HEADER = YES;
				CLANG_WARN_RANGE_LOOP_ANALYSIS = YES;
				CLANG_WARN_STRICT_PROTOTYPES = YES;
				CLANG_WARN_SUSPICIOUS_MOVE = YES;
				CLANG_WARN_UNGUARDED_AVAILABILITY = YES_AGGRESSIVE;
				CLANG_WARN_UNREACHABLE_CODE = YES;
				CLANG_WARN__DUPLICATE_METHOD_MATCH = YES;
				COPY_PHASE_STRIP = NO;
				DEBUG_INFORMATION_FORMAT = dwarf;
				ENABLE_STRICT_OBJC_MSGSEND = YES;
				ENABLE_TESTABILITY = YES;
				GCC_C_LANGUAGE_STANDARD = gnu11;
				GCC_DYNAMIC_NO_PIC = NO;
				GCC_NO_COMMON_BLOCKS = YES;
				GCC_OPTIMIZATION_LEVEL = 0;
				GCC_PREPROCESSOR_DEFINITIONS = (
					"DEBUG=1",
					"$(inherited)",
				);
				GCC_WARN_64_TO_32_BIT_CONVERSION = YES;
				GCC_WARN_ABOUT_RETURN_TYPE = YES_ERROR;
				GCC_WARN_UNDECLARED_SELECTOR = YES;
				GCC_WARN_UNINITIALIZED_AUTOS = YES_AGGRESSIVE;
				GCC_WARN_UNUSED_FUNCTION = YES;
				GCC_WARN_UNUSED_VARIABLE = YES;
				IPHONEOS_DEPLOYMENT_TARGET = 15.5;
				MTL_ENABLE_DEBUG_INFO = INCLUDE_SOURCE;
				MTL_FAST_MATH = YES;
				ONLY_ACTIVE_ARCH = YES;
				SDKROOT = iphoneos;
				SWIFT_ACTIVE_COMPILATION_CONDITIONS = DEBUG;
				SWIFT_OPTIMIZATION_LEVEL = "-Onone";
			};
			name = Debug;
		};
		1CD41A4C288A908400C909F8 /* Release */ = {
			isa = XCBuildConfiguration;
			buildSettings = {
				ALWAYS_SEARCH_USER_PATHS = NO;
				CLANG_ANALYZER_NONNULL = YES;
				CLANG_ANALYZER_NUMBER_OBJECT_CONVERSION = YES_AGGRESSIVE;
				CLANG_CXX_LANGUAGE_STANDARD = "gnu++17";
				CLANG_ENABLE_MODULES = YES;
				CLANG_ENABLE_OBJC_ARC = YES;
				CLANG_ENABLE_OBJC_WEAK = YES;
				CLANG_WARN_BLOCK_CAPTURE_AUTORELEASING = YES;
				CLANG_WARN_BOOL_CONVERSION = YES;
				CLANG_WARN_COMMA = YES;
				CLANG_WARN_CONSTANT_CONVERSION = YES;
				CLANG_WARN_DEPRECATED_OBJC_IMPLEMENTATIONS = YES;
				CLANG_WARN_DIRECT_OBJC_ISA_USAGE = YES_ERROR;
				CLANG_WARN_DOCUMENTATION_COMMENTS = YES;
				CLANG_WARN_EMPTY_BODY = YES;
				CLANG_WARN_ENUM_CONVERSION = YES;
				CLANG_WARN_INFINITE_RECURSION = YES;
				CLANG_WARN_INT_CONVERSION = YES;
				CLANG_WARN_NON_LITERAL_NULL_CONVERSION = YES;
				CLANG_WARN_OBJC_IMPLICIT_RETAIN_SELF = YES;
				CLANG_WARN_OBJC_LITERAL_CONVERSION = YES;
				CLANG_WARN_OBJC_ROOT_CLASS = YES_ERROR;
				CLANG_WARN_QUOTED_INCLUDE_IN_FRAMEWORK_HEADER = YES;
				CLANG_WARN_RANGE_LOOP_ANALYSIS = YES;
				CLANG_WARN_STRICT_PROTOTYPES = YES;
				CLANG_WARN_SUSPICIOUS_MOVE = YES;
				CLANG_WARN_UNGUARDED_AVAILABILITY = YES_AGGRESSIVE;
				CLANG_WARN_UNREACHABLE_CODE = YES;
				CLANG_WARN__DUPLICATE_METHOD_MATCH = YES;
				COPY_PHASE_STRIP = NO;
				DEBUG_INFORMATION_FORMAT = "dwarf-with-dsym";
				ENABLE_NS_ASSERTIONS = NO;
				ENABLE_STRICT_OBJC_MSGSEND = YES;
				GCC_C_LANGUAGE_STANDARD = gnu11;
				GCC_NO_COMMON_BLOCKS = YES;
				GCC_WARN_64_TO_32_BIT_CONVERSION = YES;
				GCC_WARN_ABOUT_RETURN_TYPE = YES_ERROR;
				GCC_WARN_UNDECLARED_SELECTOR = YES;
				GCC_WARN_UNINITIALIZED_AUTOS = YES_AGGRESSIVE;
				GCC_WARN_UNUSED_FUNCTION = YES;
				GCC_WARN_UNUSED_VARIABLE = YES;
				IPHONEOS_DEPLOYMENT_TARGET = 15.5;
				MTL_ENABLE_DEBUG_INFO = NO;
				MTL_FAST_MATH = YES;
				SDKROOT = iphoneos;
				SWIFT_COMPILATION_MODE = wholemodule;
				SWIFT_OPTIMIZATION_LEVEL = "-O";
				VALIDATE_PRODUCT = YES;
			};
			name = Release;
		};
		1CD41A4E288A908400C909F8 /* Debug */ = {
			isa = XCBuildConfiguration;
			buildSettings = {
				ASSETCATALOG_COMPILER_APPICON_NAME = AppIcon;
				ASSETCATALOG_COMPILER_GLOBAL_ACCENT_COLOR_NAME = AccentColor;
				CODE_SIGN_STYLE = Automatic;
				CURRENT_PROJECT_VERSION = 1;
				GENERATE_INFOPLIST_FILE = YES;
				INFOPLIST_FILE = TabBarDemo/Info.plist;
				INFOPLIST_KEY_UIApplicationSupportsIndirectInputEvents = YES;
				INFOPLIST_KEY_UILaunchStoryboardName = LaunchScreen;
				INFOPLIST_KEY_UIMainStoryboardFile = Main;
				INFOPLIST_KEY_UISupportedInterfaceOrientations_iPad = "UIInterfaceOrientationPortrait UIInterfaceOrientationPortraitUpsideDown UIInterfaceOrientationLandscapeLeft UIInterfaceOrientationLandscapeRight";
				INFOPLIST_KEY_UISupportedInterfaceOrientations_iPhone = "UIInterfaceOrientationPortrait UIInterfaceOrientationLandscapeLeft UIInterfaceOrientationLandscapeRight";
				LD_RUNPATH_SEARCH_PATHS = (
					"$(inherited)",
					"@executable_path/Frameworks",
				);
				MARKETING_VERSION = 1.0;
				PRODUCT_BUNDLE_IDENTIFIER = kushal.TabBarDemo;
				PRODUCT_NAME = "$(TARGET_NAME)";
				SWIFT_EMIT_LOC_STRINGS = YES;
				SWIFT_VERSION = 5.0;
				TARGETED_DEVICE_FAMILY = "1,2";
			};
			name = Debug;
		};
		1CD41A4F288A908400C909F8 /* Release */ = {
			isa = XCBuildConfiguration;
			buildSettings = {
				ASSETCATALOG_COMPILER_APPICON_NAME = AppIcon;
				ASSETCATALOG_COMPILER_GLOBAL_ACCENT_COLOR_NAME = AccentColor;
				CODE_SIGN_STYLE = Automatic;
				CURRENT_PROJECT_VERSION = 1;
				GENERATE_INFOPLIST_FILE = YES;
				INFOPLIST_FILE = TabBarDemo/Info.plist;
				INFOPLIST_KEY_UIApplicationSupportsIndirectInputEvents = YES;
				INFOPLIST_KEY_UILaunchStoryboardName = LaunchScreen;
				INFOPLIST_KEY_UIMainStoryboardFile = Main;
				INFOPLIST_KEY_UISupportedInterfaceOrientations_iPad = "UIInterfaceOrientationPortrait UIInterfaceOrientationPortraitUpsideDown UIInterfaceOrientationLandscapeLeft UIInterfaceOrientationLandscapeRight";
				INFOPLIST_KEY_UISupportedInterfaceOrientations_iPhone = "UIInterfaceOrientationPortrait UIInterfaceOrientationLandscapeLeft UIInterfaceOrientationLandscapeRight";
				LD_RUNPATH_SEARCH_PATHS = (
					"$(inherited)",
					"@executable_path/Frameworks",
				);
				MARKETING_VERSION = 1.0;
				PRODUCT_BUNDLE_IDENTIFIER = kushal.TabBarDemo;
				PRODUCT_NAME = "$(TARGET_NAME)";
				SWIFT_EMIT_LOC_STRINGS = YES;
				SWIFT_VERSION = 5.0;
				TARGETED_DEVICE_FAMILY = "1,2";
			};
			name = Release;
		};
/* End XCBuildConfiguration section */

/* Begin XCConfigurationList section */
		1CD41A34288A908300C909F8 /* Build configuration list for PBXProject "TabBarDemo" */ = {
			isa = XCConfigurationList;
			buildConfigurations = (
				1CD41A4B288A908400C909F8 /* Debug */,
				1CD41A4C288A908400C909F8 /* Release */,
			);
			defaultConfigurationIsVisible = 0;
			defaultConfigurationName = Release;
		};
		1CD41A4D288A908400C909F8 /* Build configuration list for PBXNativeTarget "TabBarDemo" */ = {
			isa = XCConfigurationList;
			buildConfigurations = (
				1CD41A4E288A908400C909F8 /* Debug */,
				1CD41A4F288A908400C909F8 /* Release */,
			);
			defaultConfigurationIsVisible = 0;
			defaultConfigurationName = Release;
		};
/* End XCConfigurationList section */
	};
	rootObject = 1CD41A31288A908300C909F8 /* Project object */;
}
